
Microsoft Visual Studio Solution File, Format Version 12.00
# Visual Studio Version 17
VisualStudioVersion = 17.2.32526.322
MinimumVisualStudioVersion = 10.0.40219.1
Project("{FAE04EC0-301F-11D3-BF4B-00C04F79EFBC}") = "for leetcode", "for leetcode\for leetcode.csproj", "{538FF47C-5B31-4DAC-BE1B-B66A33D3DEDA}"
EndProject
Global
	GlobalSection(SolutionConfigurationPlatforms) = preSolution
		Debug|Any CPU = Debug|Any CPU
		Release|Any CPU = Release|Any CPU
	EndGlobalSection
	GlobalSection(ProjectConfigurationPlatforms) = postSolution
		{538FF47C-5B31-4DAC-BE1B-B66A33D3DEDA}.Debug|Any CPU.ActiveCfg = Debug|Any CPU
		{538FF47C-5B31-4DAC-BE1B-B66A33D3DEDA}.Debug|Any CPU.Build.0 = Debug|Any CPU
		{538FF47C-5B31-4DAC-BE1B-B66A33D3DEDA}.Release|Any CPU.ActiveCfg = Release|Any CPU
		{538FF47C-5B31-4DAC-BE1B-B66A33D3DEDA}.Release|Any CPU.Build.0 = Release|Any CPU
	EndGlobalSection
	GlobalSection(SolutionProperties) = preSolution
		HideSolutionNode = FALSE
	EndGlobalSection
	GlobalSection(ExtensibilityGlobals) = postSolution
		SolutionGuid = {084A7A9B-BDCB-41C1-AC39-FF7C70992385}
	EndGlobalSection
EndGlobal
